github.com/iand/gordf v0.1.1 h1:4H392AYS2cN9r3q4hW9TYelb3zWn18KdJGWn5Kgk/o8=
github.com/iand/gordf v0.1.1/go.mod h1:r8dMOmZrCJq0LCkrXs7QfxpNBPjJ22XNGugur1GUOTc=
github.com/iand/nquads v0.1.1 h1:7HbaRumgAVc07+poNLTv2tUHWiuCrcK5fRs4NAthZko=
github.com/iand/nquads v0.1.1/go.mod h1:EGCONX1TiTPE/jfirsu8obcHgoRQEq6cyyQL3ugYAJw=
