github.com/iand/gordf v0.1.1/go.mod h1:r8dMOmZrCJq0LCkrXs7QfxpNBPjJ22XNGugur1GUOTc=
github.com/iand/gordf v0.1.2 h1:c8/pzQKenp97IKsGSCRNuf49FDYDUrjysSUhtI/z25s=
github.com/iand/gordf v0.1.2/go.mod h1:r8dMOmZrCJq0LCkrXs7QfxpNBPjJ22XNGugur1GUOTc=
github.com/iand/nquads v0.1.2 h1:bhjA+chqIWJzPpMy5JJEIyN/Pll/9my9xq1/ybU42gg=
github.com/iand/nquads v0.1.2/go.mod h1:EGCONX1TiTPE/jfirsu8obcHgoRQEq6cyyQL3ugYAJw=
